
Microsoft Visual Studio Solution File, Format Version 12.00
# Visual Studio 2013
VisualStudioVersion = 12.0.21005.1
MinimumVisualStudioVersion = 10.0.40219.1
Project("{8BC9CEB8-8B4A-11D0-8D11-00A0C91BC942}") = "LinkedListsEx1", "LinkedListsEx1\LinkedListsEx1.vcxproj", "{A949B1DE-F9CD-4508-8C7E-834BC3422078}"
EndProject
Global
	GlobalSection(SolutionConfigurationPlatforms) = preSolution
		Debug|Win32 = Debug|Win32
		Release|Win32 = Release|Win32
	EndGlobalSection
	GlobalSection(ProjectConfigurationPlatforms) = postSolution
		{A949B1DE-F9CD-4508-8C7E-834BC3422078}.Debug|Win32.ActiveCfg = Debug|Win32
		{A949B1DE-F9CD-4508-8C7E-834BC3422078}.Debug|Win32.Build.0 = Debug|Win32
		{A949B1DE-F9CD-4508-8C7E-834BC3422078}.Release|Win32.ActiveCfg = Release|Win32
		{A949B1DE-F9CD-4508-8C7E-834BC3422078}.Release|Win32.Build.0 = Release|Win32
	EndGlobalSection
	GlobalSection(SolutionProperties) = preSolution
		HideSolutionNode = FALSE
	EndGlobalSection
EndGlobal
